
Microsoft Visual Studio Solution File, Format Version 12.00
# Visual Studio 15
VisualStudioVersion = 15.0.27428.2011
MinimumVisualStudioVersion = 10.0.40219.1
Project("{FAE04EC0-301F-11D3-BF4B-00C04F79EFBC}") = "WebApplication1", "WebApplication1\WebApplication1.csproj", "{03C7C534-A884-43C7-82F7-EF20C317E3FF}"
EndProject
Global
	GlobalSection(SolutionConfigurationPlatforms) = preSolution
		Debug|Any CPU = Debug|Any CPU
		Release|Any CPU = Release|Any CPU
	EndGlobalSection
	GlobalSection(ProjectConfigurationPlatforms) = postSolution
		{03C7C534-A884-43C7-82F7-EF20C317E3FF}.Debug|Any CPU.ActiveCfg = Debug|Any CPU
		{03C7C534-A884-43C7-82F7-EF20C317E3FF}.Debug|Any CPU.Build.0 = Debug|Any CPU
		{03C7C534-A884-43C7-82F7-EF20C317E3FF}.Release|Any CPU.ActiveCfg = Release|Any CPU
		{03C7C534-A884-43C7-82F7-EF20C317E3FF}.Release|Any CPU.Build.0 = Release|Any CPU
	EndGlobalSection
	GlobalSection(SolutionProperties) = preSolution
		HideSolutionNode = FALSE
	EndGlobalSection
	GlobalSection(ExtensibilityGlobals) = postSolution
		SolutionGuid = {21016AF2-0D47-4D93-9DBF-45669266D767}
	EndGlobalSection
EndGlobal
